schema: '2.0'
stages:
  train:
    cmd: python src/train.py
    deps:
    - path: src/train.py
      md5: afe44f9001ad3e56cfd8aa9441fa092d
      size: 4184
    params:
      params.yaml:
        train.batch_size: 32
        train.custom_loss: true
        train.dancers: all
        train.epochs: 10
        train.look_back: 70
        train.lstm_layer: 128
        train.mdn_layer: 5
        train.tags: impro
        train.validation_split: 0.9
    outs:
    - path: ../data/metrics/deep-dance-loss.json
      md5: 27d838e522b3b9af981d7ac752851a93
      size: 1067
    - path: ../data/metrics/deep-dance-scores.json
      md5: 9fe929197e5750f060352ccba228e7bd
      size: 78
    - path: ../data/models
      md5: cb168eefe0e2ee893c1f4e7290e30fed.dir
      size: 5331768
      nfiles: 1
  generate:
    cmd: python src/generate.py
    deps:
    - path: ../data/models
      md5: cb168eefe0e2ee893c1f4e7290e30fed.dir
      size: 5331768
      nfiles: 1
    - path: src/generate.py
      md5: 923a628ff5fcbaed9e01f35f397ebb27
      size: 2816
    params:
      params.yaml:
        generate.custom_loss: true
        generate.look_back: 70
        generate.random_state: 42
        generate.seed: 1500
        generate.steps_limit: 1500
        generate.validation_split: 0.9
    outs:
    - path: ../data/generated
      md5: 04cdcd0f5fe571aa8d04f7d063a647d9.dir
      size: 1705486
      nfiles: 1
