schema: '2.0'
stages:
  train:
    cmd: python src/train.py
    deps:
    - path: src/train.py
      md5: afe44f9001ad3e56cfd8aa9441fa092d
      size: 4184
    params:
      params.yaml:
        train.batch_size: 32
        train.custom_loss: true
        train.dancers: all
        train.epochs: 10
        train.look_back: 10
        train.lstm_layer: 32
        train.mdn_layer: 5
        train.tags: impro
        train.validation_split: 0.9
    outs:
    - path: ../data/metrics/deep-dance-loss.json
      md5: dcaae96c73b9545bfb9339460d76c2fd
      size: 1066
    - path: ../data/metrics/deep-dance-scores.json
      md5: 8c8bd0615c60d6ca1d382d2651b39c17
      size: 79
    - path: ../data/models
      md5: fb7ff49215f7f78334a642665e4090a0.dir
      size: 619424
      nfiles: 1
  generate:
    cmd: python src/generate.py
    deps:
    - path: ../data/models
      md5: fb7ff49215f7f78334a642665e4090a0.dir
      size: 619424
      nfiles: 1
    - path: src/generate.py
      md5: 923a628ff5fcbaed9e01f35f397ebb27
      size: 2816
    params:
      params.yaml:
        generate.custom_loss: true
        generate.look_back: 10
        generate.random_state: 42
        generate.seed: 1500
        generate.steps_limit: 1500
        generate.validation_split: 0.9
    outs:
    - path: ../data/generated
      md5: 9ae9d682fd1d6de09ad8d851e406d0d6.dir
      size: 1661798
      nfiles: 1
